# This file is autogenerated, do not edit; changes may be undone by the next 'dep ensure'.


[[projects]]
  digest = "1:573fa46f8d413d4bc3f7cc5e86b2c43cb21559f4fb0a19d9874d228e28fdc07c"
  name = "github.com/PuerkitoBio/goquery"
  packages = ["."]
  pruneopts = "UT"
  revision = "2d2796f41742ece03e8086188fa4db16a3a0b458"
  version = "v1.5.0"

[[projects]]
  digest = "1:66b3310cf22cdc96c35ef84ede4f7b9b370971c4025f394c89a2638729653b11"
  name = "github.com/andybalholm/cascadia"
  packages = ["."]
  pruneopts = "UT"
  revision = "901648c87902174f774fac311d7f176f8647bdaa"
  version = "v1.0.0"

[[projects]]
  digest = "1:b6d886569181ec96ca83d529f4d6ba0cbf92ace7bb6f633f90c5f34d9bba7aab"
  name = "github.com/blang/semver"
  packages = ["."]
  pruneopts = "UT"
  revision = "ba2c2ddd89069b46a7011d4106f6868f17ee1705"
  version = "v3.6.1"

[[projects]]
  branch = "master"
  digest = "1:05fd9c64faad67d392c25fac398a81c6eb1eade0d57a0334a3bb6148c9980632"
  name = "github.com/imdario/go-ulid"
  packages = ["."]
  pruneopts = "UT"
  revision = "aeb52bf96595bc0d8f2b27b33044f4901db9dede"

[[projects]]
  branch = "master"
  digest = "1:6398074368ef90c6a048303df3708de940b0aaaf024682ed1d2181c60b10b27e"
  name = "github.com/tebeka/selenium"
  packages = [
    ".",
    "chrome",
    "firefox",
    "internal/zip",
    "log",
  ]
  pruneopts = "UT"
  revision = "edf31bb7fd715ad505d9190f8d65d13f39a7c825"

[[projects]]
  branch = "master"
  digest = "1:d7b978a787736537d0ad2f84c0e8b75b05c2febef0537198e28edf1cf2768afd"
  name = "golang.org/x/net"
  packages = [
    "html",
    "html/atom",
  ]
  pruneopts = "UT"
  revision = "3ec19112720433827bbce8be9342797f5a6aaaf9"

[solve-meta]
  analyzer-name = "dep"
  analyzer-version = 1
  input-imports = [
    "github.com/PuerkitoBio/goquery",
    "github.com/imdario/go-ulid",
    "github.com/tebeka/selenium",
    "github.com/tebeka/selenium/chrome",
  ]
  solver-name = "gps-cdcl"
  solver-version = 1
